
Microsoft Visual Studio Solution File, Format Version 12.00
# Visual Studio Version 16
VisualStudioVersion = 16.0.30204.135
MinimumVisualStudioVersion = 10.0.40219.1
Project("{FAE04EC0-301F-11D3-BF4B-00C04F79EFBC}") = "Lab2Service", "Lab2Service\Lab2Service.csproj", "{1491EC1E-8BC2-4D99-A336-05CA52C3EFEC}"
EndProject
Project("{FAE04EC0-301F-11D3-BF4B-00C04F79EFBC}") = "HttpClient", "HttpClient\HttpClient.csproj", "{0E069FF3-A795-4793-8200-603E990B5D72}"
EndProject
Global
	GlobalSection(SolutionConfigurationPlatforms) = preSolution
		Debug|Any CPU = Debug|Any CPU
		Release|Any CPU = Release|Any CPU
	EndGlobalSection
	GlobalSection(ProjectConfigurationPlatforms) = postSolution
		{1491EC1E-8BC2-4D99-A336-05CA52C3EFEC}.Debug|Any CPU.ActiveCfg = Debug|Any CPU
		{1491EC1E-8BC2-4D99-A336-05CA52C3EFEC}.Debug|Any CPU.Build.0 = Debug|Any CPU
		{1491EC1E-8BC2-4D99-A336-05CA52C3EFEC}.Release|Any CPU.ActiveCfg = Release|Any CPU
		{1491EC1E-8BC2-4D99-A336-05CA52C3EFEC}.Release|Any CPU.Build.0 = Release|Any CPU
		{0E069FF3-A795-4793-8200-603E990B5D72}.Debug|Any CPU.ActiveCfg = Debug|Any CPU
		{0E069FF3-A795-4793-8200-603E990B5D72}.Debug|Any CPU.Build.0 = Debug|Any CPU
		{0E069FF3-A795-4793-8200-603E990B5D72}.Release|Any CPU.ActiveCfg = Release|Any CPU
		{0E069FF3-A795-4793-8200-603E990B5D72}.Release|Any CPU.Build.0 = Release|Any CPU
	EndGlobalSection
	GlobalSection(SolutionProperties) = preSolution
		HideSolutionNode = FALSE
	EndGlobalSection
	GlobalSection(ExtensibilityGlobals) = postSolution
		SolutionGuid = {1051334D-86BA-456A-96DA-46108D38C272}
	EndGlobalSection
EndGlobal
