
Microsoft Visual Studio Solution File, Format Version 12.00
# Visual Studio Version 16
VisualStudioVersion = 16.0.30204.135
MinimumVisualStudioVersion = 10.0.40219.1
Project("{FAE04EC0-301F-11D3-BF4B-00C04F79EFBC}") = "Utilities", "Utilities\Utilities.csproj", "{38412AD8-0872-4820-BA61-459AD39B8AAD}"
EndProject
Project("{FAE04EC0-301F-11D3-BF4B-00C04F79EFBC}") = "SharedLib", "SharedLib\SharedLib.csproj", "{E28FD859-B5B2-4D61-A394-3229B11B12B2}"
EndProject
Project("{FAE04EC0-301F-11D3-BF4B-00C04F79EFBC}") = "MathClient", "MathClient\MathClient.csproj", "{7E9BE4E6-5365-4F0E-AAC4-03E350B8B374}"
EndProject
Project("{FAE04EC0-301F-11D3-BF4B-00C04F79EFBC}") = "MathServiceLib", "MathServiceLib\MathServiceLib.csproj", "{A602D323-9AAA-4DE1-B0A8-94225BC5E3F9}"
EndProject
Project("{FAE04EC0-301F-11D3-BF4B-00C04F79EFBC}") = "MathServiceHost", "MathServiceHost\MathServiceHost.csproj", "{0A5749F0-215D-495E-89EE-43A49D3CC932}"
EndProject
Global
	GlobalSection(SolutionConfigurationPlatforms) = preSolution
		Debug|Any CPU = Debug|Any CPU
		Release|Any CPU = Release|Any CPU
	EndGlobalSection
	GlobalSection(ProjectConfigurationPlatforms) = postSolution
		{38412AD8-0872-4820-BA61-459AD39B8AAD}.Debug|Any CPU.ActiveCfg = Debug|Any CPU
		{38412AD8-0872-4820-BA61-459AD39B8AAD}.Debug|Any CPU.Build.0 = Debug|Any CPU
		{38412AD8-0872-4820-BA61-459AD39B8AAD}.Release|Any CPU.ActiveCfg = Release|Any CPU
		{38412AD8-0872-4820-BA61-459AD39B8AAD}.Release|Any CPU.Build.0 = Release|Any CPU
		{E28FD859-B5B2-4D61-A394-3229B11B12B2}.Debug|Any CPU.ActiveCfg = Debug|Any CPU
		{E28FD859-B5B2-4D61-A394-3229B11B12B2}.Debug|Any CPU.Build.0 = Debug|Any CPU
		{E28FD859-B5B2-4D61-A394-3229B11B12B2}.Release|Any CPU.ActiveCfg = Release|Any CPU
		{E28FD859-B5B2-4D61-A394-3229B11B12B2}.Release|Any CPU.Build.0 = Release|Any CPU
		{7E9BE4E6-5365-4F0E-AAC4-03E350B8B374}.Debug|Any CPU.ActiveCfg = Debug|Any CPU
		{7E9BE4E6-5365-4F0E-AAC4-03E350B8B374}.Debug|Any CPU.Build.0 = Debug|Any CPU
		{7E9BE4E6-5365-4F0E-AAC4-03E350B8B374}.Release|Any CPU.ActiveCfg = Release|Any CPU
		{7E9BE4E6-5365-4F0E-AAC4-03E350B8B374}.Release|Any CPU.Build.0 = Release|Any CPU
		{A602D323-9AAA-4DE1-B0A8-94225BC5E3F9}.Debug|Any CPU.ActiveCfg = Debug|Any CPU
		{A602D323-9AAA-4DE1-B0A8-94225BC5E3F9}.Debug|Any CPU.Build.0 = Debug|Any CPU
		{A602D323-9AAA-4DE1-B0A8-94225BC5E3F9}.Release|Any CPU.ActiveCfg = Release|Any CPU
		{A602D323-9AAA-4DE1-B0A8-94225BC5E3F9}.Release|Any CPU.Build.0 = Release|Any CPU
		{0A5749F0-215D-495E-89EE-43A49D3CC932}.Debug|Any CPU.ActiveCfg = Debug|Any CPU
		{0A5749F0-215D-495E-89EE-43A49D3CC932}.Debug|Any CPU.Build.0 = Debug|Any CPU
		{0A5749F0-215D-495E-89EE-43A49D3CC932}.Release|Any CPU.ActiveCfg = Release|Any CPU
		{0A5749F0-215D-495E-89EE-43A49D3CC932}.Release|Any CPU.Build.0 = Release|Any CPU
	EndGlobalSection
	GlobalSection(SolutionProperties) = preSolution
		HideSolutionNode = FALSE
	EndGlobalSection
	GlobalSection(ExtensibilityGlobals) = postSolution
		SolutionGuid = {221993C0-5C79-4A9A-AE53-D4EEC592A96E}
	EndGlobalSection
EndGlobal
